
Microsoft Visual Studio Solution File, Format Version 12.00
# Visual Studio Version 17
VisualStudioVersion = 17.9.34728.123
MinimumVisualStudioVersion = 10.0.40219.1
Project("{9A19103F-16F7-4668-BE54-9A1E7A4F7556}") = "FundoApplication", "FundoApplication.csproj", "{EA588F91-2892-41A1-A3A3-72CBC519E866}"
EndProject
Project("{9A19103F-16F7-4668-BE54-9A1E7A4F7556}") = "BusinessLayer", "..\BusinessLayer\BusinessLayer.csproj", "{95FDF089-07A5-4280-A659-C54D7B24AAE2}"
EndProject
Project("{9A19103F-16F7-4668-BE54-9A1E7A4F7556}") = "ModelLayers", "..\CommonLayers\ModelLayers.csproj", "{A8A21969-6781-4519-867F-9A7EBF2397EA}"
EndProject
Project("{9A19103F-16F7-4668-BE54-9A1E7A4F7556}") = "RepositoryLayers", "..\RepositoryLayers\RepositoryLayers.csproj", "{33D0C6F6-B10B-456B-B5E9-0E80A57449B5}"
EndProject
Project("{FAE04EC0-301F-11D3-BF4B-00C04F79EFBC}") = "Consumer", "..\Consumer\Consumer.csproj", "{485F44F9-71DB-482C-9C84-3C5AD99B56B1}"
EndProject
Global
	GlobalSection(SolutionConfigurationPlatforms) = preSolution
		Debug|Any CPU = Debug|Any CPU
		Release|Any CPU = Release|Any CPU
	EndGlobalSection
	GlobalSection(ProjectConfigurationPlatforms) = postSolution
		{EA588F91-2892-41A1-A3A3-72CBC519E866}.Debug|Any CPU.ActiveCfg = Debug|Any CPU
		{EA588F91-2892-41A1-A3A3-72CBC519E866}.Debug|Any CPU.Build.0 = Debug|Any CPU
		{EA588F91-2892-41A1-A3A3-72CBC519E866}.Release|Any CPU.ActiveCfg = Release|Any CPU
		{EA588F91-2892-41A1-A3A3-72CBC519E866}.Release|Any CPU.Build.0 = Release|Any CPU
		{95FDF089-07A5-4280-A659-C54D7B24AAE2}.Debug|Any CPU.ActiveCfg = Debug|Any CPU
		{95FDF089-07A5-4280-A659-C54D7B24AAE2}.Debug|Any CPU.Build.0 = Debug|Any CPU
		{95FDF089-07A5-4280-A659-C54D7B24AAE2}.Release|Any CPU.ActiveCfg = Release|Any CPU
		{95FDF089-07A5-4280-A659-C54D7B24AAE2}.Release|Any CPU.Build.0 = Release|Any CPU
		{A8A21969-6781-4519-867F-9A7EBF2397EA}.Debug|Any CPU.ActiveCfg = Debug|Any CPU
		{A8A21969-6781-4519-867F-9A7EBF2397EA}.Debug|Any CPU.Build.0 = Debug|Any CPU
		{A8A21969-6781-4519-867F-9A7EBF2397EA}.Release|Any CPU.ActiveCfg = Release|Any CPU
		{A8A21969-6781-4519-867F-9A7EBF2397EA}.Release|Any CPU.Build.0 = Release|Any CPU
		{33D0C6F6-B10B-456B-B5E9-0E80A57449B5}.Debug|Any CPU.ActiveCfg = Debug|Any CPU
		{33D0C6F6-B10B-456B-B5E9-0E80A57449B5}.Debug|Any CPU.Build.0 = Debug|Any CPU
		{33D0C6F6-B10B-456B-B5E9-0E80A57449B5}.Release|Any CPU.ActiveCfg = Release|Any CPU
		{33D0C6F6-B10B-456B-B5E9-0E80A57449B5}.Release|Any CPU.Build.0 = Release|Any CPU
		{485F44F9-71DB-482C-9C84-3C5AD99B56B1}.Debug|Any CPU.ActiveCfg = Debug|Any CPU
		{485F44F9-71DB-482C-9C84-3C5AD99B56B1}.Debug|Any CPU.Build.0 = Debug|Any CPU
		{485F44F9-71DB-482C-9C84-3C5AD99B56B1}.Release|Any CPU.ActiveCfg = Release|Any CPU
		{485F44F9-71DB-482C-9C84-3C5AD99B56B1}.Release|Any CPU.Build.0 = Release|Any CPU
	EndGlobalSection
	GlobalSection(SolutionProperties) = preSolution
		HideSolutionNode = FALSE
	EndGlobalSection
	GlobalSection(ExtensibilityGlobals) = postSolution
		SolutionGuid = {A3873A90-EA30-4A4A-8720-2BC09A5DF7A5}
	EndGlobalSection
EndGlobal
